
Microsoft Visual Studio Solution File, Format Version 12.00
# Visual Studio Version 16
VisualStudioVersion = 16.0.32929.386
MinimumVisualStudioVersion = 10.0.40219.1
Project("{FAE04EC0-301F-11D3-BF4B-00C04F79EFBC}") = "storyGame", "storyGame\storyGame.csproj", "{05605BFD-9593-42AA-81C3-CFEA70630D02}"
EndProject
Global
	GlobalSection(SolutionConfigurationPlatforms) = preSolution
		Debug|Any CPU = Debug|Any CPU
		Release|Any CPU = Release|Any CPU
	EndGlobalSection
	GlobalSection(ProjectConfigurationPlatforms) = postSolution
		{05605BFD-9593-42AA-81C3-CFEA70630D02}.Debug|Any CPU.ActiveCfg = Debug|Any CPU
		{05605BFD-9593-42AA-81C3-CFEA70630D02}.Debug|Any CPU.Build.0 = Debug|Any CPU
		{05605BFD-9593-42AA-81C3-CFEA70630D02}.Release|Any CPU.ActiveCfg = Release|Any CPU
		{05605BFD-9593-42AA-81C3-CFEA70630D02}.Release|Any CPU.Build.0 = Release|Any CPU
	EndGlobalSection
	GlobalSection(SolutionProperties) = preSolution
		HideSolutionNode = FALSE
	EndGlobalSection
	GlobalSection(ExtensibilityGlobals) = postSolution
		SolutionGuid = {CC34F4EE-972D-4760-B94C-DACA6375F7F4}
	EndGlobalSection
EndGlobal
